<?xml version="1.0" encoding="UTF-8" standalone="yes" ?>
<CodeBlocks_project_file>
	<FileVersion major="1" minor="6" />
	<Project>
		<Option title="Fission" />
		<Option pch_mode="2" />
		<Option compiler="gcc" />
		<Build>
			<Target title="Debug">
				<Option output="bin/Debug/Fission" prefix_auto="1" extension_auto="1" />
				<Option working_dir="" />
				<Option object_output="obj/Debug/" />
				<Option type="2" />
				<Option compiler="gcc" />
				<Compiler>
					<Add option="-g" />
				</Compiler>
				<Linker>
					<Add library="extlibs\lib\libsfml-audio.a" />
					<Add library="extlibs\lib\libsfml-network.a" />
					<Add library="extlibs\lib\libsfml-graphics.a" />
					<Add library="extlibs\lib\libsfml-window.a" />
					<Add library="extlibs\lib\libsfml-system.a" />
					<Add library="extlibs\lib\libBox2D.a" />
					<Add library="extlibs\lib\libsquirrel.a" />
					<Add library="extlibs\lib\libsqstdlib.a" />
					<Add library="extlibs\lib\libenet.a" />
				</Linker>
			</Target>
			<Target title="Release">
				<Option output="bin/Release/Fission" prefix_auto="1" extension_auto="1" />
				<Option working_dir="" />
				<Option object_output="obj/Release/" />
				<Option type="2" />
				<Option compiler="gcc" />
				<Compiler>
					<Add option="-O2" />
				</Compiler>
				<Linker>
					<Add option="-s" />
					<Add library="extlibs\lib\libsfml-audio.a" />
					<Add library="extlibs\lib\libsfml-network.a" />
					<Add library="extlibs\lib\libsfml-graphics.a" />
					<Add library="extlibs\lib\libsfml-window.a" />
					<Add library="extlibs\lib\libsfml-system.a" />
					<Add library="extlibs\lib\libBox2D.a" />
					<Add library="extlibs\lib\libsquirrel.a" />
					<Add library="extlibs\lib\libsqstdlib.a" />
				</Linker>
			</Target>
			<Target title="UnitTests">
				<Option output="bin/UnitTests/FissionTests" prefix_auto="1" extension_auto="1" />
				<Option working_dir="bin/UnitTests/" />
				<Option object_output="obj/UnitTests/" />
				<Option type="1" />
				<Option compiler="gcc" />
				<Compiler>
					<Add option="-g" />
				</Compiler>
				<Linker>
					<Add library="extlibs\lib\libsfml-audio.a" />
					<Add library="extlibs\lib\libsfml-network.a" />
					<Add library="extlibs\lib\libsfml-graphics.a" />
					<Add library="extlibs\lib\libsfml-window.a" />
					<Add library="extlibs\lib\libsfml-system.a" />
					<Add library="extlibs\lib\libsquirrel.a" />
					<Add library="extlibs\lib\libsqstdlib.a" />
					<Add library="extlibs\lib\libenet.a" />
					<Add library="extlibs\lib\libUnitTest++.a" />
				</Linker>
			</Target>
		</Build>
		<Compiler>
			<Add option="-std=c++11" />
			<Add option="-Wall" />
			<Add option="-fexceptions" />
			<Add option="-DWIN32" />
			<Add option="-DNOGDI" />
			<Add directory="include" />
			<Add directory="extlibs/include" />
			<Add directory="extlibs/include/Squirrel" />
		</Compiler>
		<Unit filename="include/Fission/Core/Aspect.h" />
		<Unit filename="include/Fission/Core/Component.h" />
		<Unit filename="include/Fission/Core/ComponentTypeManager.h" />
		<Unit filename="include/Fission/Core/Engine.h" />
		<Unit filename="include/Fission/Core/EntityManager.h" />
		<Unit filename="include/Fission/Core/EntityRef.h" />
		<Unit filename="include/Fission/Core/EventManager.h" />
		<Unit filename="include/Fission/Core/FilteredEntityBucket.h" />
		<Unit filename="include/Fission/Core/IEntityObserver.h" />
		<Unit filename="include/Fission/Core/Packet.h" />
		<Unit filename="include/Fission/Core/ResourceManager.h" />
		<Unit filename="include/Fission/Core/Systems/ComponentSystem.h" />
		<Unit filename="include/Fission/Core/Systems/System.h" />
		<Unit filename="include/Fission/Core/config.h" />
		<Unit filename="include/Fission/Input/Defs.h" />
		<Unit filename="include/Fission/Input/IKeyboardListener.h" />
		<Unit filename="include/Fission/Input/IMouseListener.h" />
		<Unit filename="include/Fission/Input/InputSystem.h" />
		<Unit filename="include/Fission/Network/Connection.h" />
		<Unit filename="include/Fission/Network/NetworkEvents.h" />
		<Unit filename="include/Fission/Rendering/DebugDisplay.h" />
		<Unit filename="include/Fission/Rendering/RenderComponent.h" />
		<Unit filename="include/Fission/Rendering/RenderLayer.h" />
		<Unit filename="include/Fission/Rendering/RenderManager.h" />
		<Unit filename="include/Fission/Rendering/RenderSystem.h" />
		<Unit filename="include/Fission/Rendering/Sprite.h" />
		<Unit filename="include/Fission/Rendering/SpriteRenderSystem.h" />
		<Unit filename="include/Fission/Rendering/Transform.h" />
		<Unit filename="include/Fission/Tests/TestComponent.h">
			<Option target="UnitTests" />
		</Unit>
		<Unit filename="include/Fission/Util/make_unique.h" />
		<Unit filename="include/Fission/Util/math.h" />
		<Unit filename="src/Fission/Core/Aspect.cpp" />
		<Unit filename="src/Fission/Core/ComponentTypeManager.cpp" />
		<Unit filename="src/Fission/Core/Engine.cpp" />
		<Unit filename="src/Fission/Core/EntityManager.cpp" />
		<Unit filename="src/Fission/Core/EntityRef.cpp" />
		<Unit filename="src/Fission/Core/EventManager.cpp" />
		<Unit filename="src/Fission/Core/FilteredEntityBucket.cpp" />
		<Unit filename="src/Fission/Core/Packet.cpp" />
		<Unit filename="src/Fission/Core/ResourceManager.cpp" />
		<Unit filename="src/Fission/Core/Systems/ComponentSystem.cpp" />
		<Unit filename="src/Fission/Input/InputSystem.cpp" />
		<Unit filename="src/Fission/Network/Connection.cpp" />
		<Unit filename="src/Fission/Rendering/DebugDisplay.cpp" />
		<Unit filename="src/Fission/Rendering/RenderLayer.cpp" />
		<Unit filename="src/Fission/Rendering/RenderManager.cpp" />
		<Unit filename="src/Fission/Rendering/Sprite.cpp" />
		<Unit filename="src/Fission/Rendering/SpriteRenderSystem.cpp" />
		<Unit filename="src/Fission/Rendering/Transform.cpp" />
		<Unit filename="src/Fission/Tests/TestAspect.cpp">
			<Option target="UnitTests" />
		</Unit>
		<Unit filename="src/Fission/Tests/TestEntityManager.cpp">
			<Option target="UnitTests" />
		</Unit>
		<Unit filename="src/Fission/Tests/TestEventManager.cpp">
			<Option target="UnitTests" />
		</Unit>
		<Unit filename="src/Fission/Tests/TestPacket.cpp">
			<Option target="UnitTests" />
		</Unit>
		<Unit filename="src/Fission/Tests/main.cpp">
			<Option target="UnitTests" />
		</Unit>
		<Extensions>
			<code_completion />
			<envvars />
			<debugger />
			<lib_finder disable_auto="1" />
			<DoxyBlocks>
				<comment_style block="0" line="0" />
				<doxyfile_project />
				<doxyfile_build />
				<doxyfile_warnings />
				<doxyfile_output />
				<doxyfile_dot />
				<general />
			</DoxyBlocks>
		</Extensions>
	</Project>
</CodeBlocks_project_file>
