<?xml version="1.0" encoding="UTF-8" standalone="yes" ?>
<CodeBlocks_project_file>
	<FileVersion major="1" minor="6" />
	<Project>
		<Option title="Fission" />
		<Option pch_mode="2" />
		<Option compiler="gcc" />
		<Build>
			<Target title="Debug">
				<Option output="bin/Debug/TestEngine" prefix_auto="1" extension_auto="1" />
				<Option working_dir="bin/Debug/" />
				<Option object_output="obj/Debug/" />
				<Option type="1" />
				<Option compiler="gcc" />
				<Compiler>
					<Add option="-g" />
				</Compiler>
				<Linker>
					<Add library="extlibs\lib\libsfml-audio.a" />
					<Add library="extlibs\lib\libsfml-network.a" />
					<Add library="extlibs\lib\libsfml-graphics.a" />
					<Add library="extlibs\lib\libsfml-window.a" />
					<Add library="extlibs\lib\libsfml-system.a" />
					<Add library="extlibs\lib\libBox2D.a" />
					<Add library="extlibs\lib\libsquirrel.a" />
					<Add library="extlibs\lib\libsqstdlib.a" />
					<Add library="extlibs\lib\libenet.a" />
				</Linker>
			</Target>
			<Target title="Release">
				<Option output="bin/Release/TestEngine" prefix_auto="1" extension_auto="1" />
				<Option object_output="obj/Release/" />
				<Option type="1" />
				<Option compiler="gcc" />
				<Compiler>
					<Add option="-O2" />
				</Compiler>
				<Linker>
					<Add option="-s" />
					<Add library="extlibs\lib\libsfml-audio.a" />
					<Add library="extlibs\lib\libsfml-network.a" />
					<Add library="extlibs\lib\libsfml-graphics.a" />
					<Add library="extlibs\lib\libsfml-window.a" />
					<Add library="extlibs\lib\libsfml-system.a" />
					<Add library="extlibs\lib\libBox2D.a" />
					<Add library="extlibs\lib\libsquirrel.a" />
					<Add library="extlibs\lib\libsqstdlib.a" />
				</Linker>
			</Target>
		</Build>
		<Compiler>
			<Add option="-std=c++11" />
			<Add option="-Wall" />
			<Add option="-fexceptions" />
			<Add option="-DWIN32" />
			<Add directory="include" />
			<Add directory="extlibs/include" />
			<Add directory="extlibs/include/Squirrel" />
		</Compiler>
		<Unit filename="include/Core/Component.h" />
		<Unit filename="include/Core/ComponentFactories.h" />
		<Unit filename="include/Core/Engine.h" />
		<Unit filename="include/Core/Entity.h" />
		<Unit filename="include/Core/EntityEvents.h" />
		<Unit filename="include/Core/Event.h" />
		<Unit filename="include/Core/EventManager.h" />
		<Unit filename="include/Core/Math.h" />
		<Unit filename="include/Core/RefCounted.h" />
		<Unit filename="include/Core/ResourceManager.h" />
		<Unit filename="include/Core/Scene.h" />
		<Unit filename="include/Core/System.h" />
		<Unit filename="include/Core/config.h" />
		<Unit filename="include/GridComponent.h" />
		<Unit filename="include/GridOps.h" />
		<Unit filename="include/GridSystem.h" />
		<Unit filename="include/Input/Defs.h" />
		<Unit filename="include/Input/Events.h" />
		<Unit filename="include/Input/InputSystem.h" />
		<Unit filename="include/Network/Connection.h" />
		<Unit filename="include/Network/IntentComponent.h" />
		<Unit filename="include/Network/IntentSystem.h" />
		<Unit filename="include/Network/NetworkEvents.h" />
		<Unit filename="include/PhysicsComponent.h" />
		<Unit filename="include/PhysicsSystem.h" />
		<Unit filename="include/PlaceableComponent.h" />
		<Unit filename="include/PlayerComponent.h" />
		<Unit filename="include/PlayerSystem.h" />
		<Unit filename="include/Rendering/RenderComponent.h" />
		<Unit filename="include/Rendering/RenderSystem.h" />
		<Unit filename="include/Rendering/SpriteComponent.h" />
		<Unit filename="include/Rendering/TransformComponent.h" />
		<Unit filename="include/Script/ScriptComponent.h" />
		<Unit filename="include/Script/ScriptSystem.h" />
		<Unit filename="main.cpp" />
		<Unit filename="perlin/perlin.cpp" />
		<Unit filename="perlin/perlin.h" />
		<Unit filename="src/Core/ComponentFactories.cpp" />
		<Unit filename="src/Core/Engine.cpp" />
		<Unit filename="src/Core/Entity.cpp" />
		<Unit filename="src/Core/EventManager.cpp" />
		<Unit filename="src/Core/ResourceManager.cpp" />
		<Unit filename="src/Core/Scene.cpp" />
		<Unit filename="src/Core/System.cpp" />
		<Unit filename="src/GridComponent.cpp" />
		<Unit filename="src/GridOps.cpp" />
		<Unit filename="src/GridSystem.cpp" />
		<Unit filename="src/Input/InputSystem.cpp" />
		<Unit filename="src/Network/Connection.cpp" />
		<Unit filename="src/Network/IntentComponent.cpp" />
		<Unit filename="src/Network/IntentSystem.cpp" />
		<Unit filename="src/PhysicsComponent.cpp" />
		<Unit filename="src/PhysicsSystem.cpp" />
		<Unit filename="src/PlaceableComponent.cpp" />
		<Unit filename="src/PlayerComponent.cpp" />
		<Unit filename="src/PlayerSystem.cpp" />
		<Unit filename="src/Rendering/RenderSystem.cpp" />
		<Unit filename="src/Rendering/SpriteComponent.cpp" />
		<Unit filename="src/Rendering/TransformComponent.cpp" />
		<Unit filename="src/Script/ScriptComponent.cpp" />
		<Unit filename="src/Script/ScriptSystem.cpp" />
		<Extensions>
			<code_completion />
			<envvars />
			<debugger />
			<lib_finder disable_auto="1" />
		</Extensions>
	</Project>
</CodeBlocks_project_file>
